// !$*UTF8*$!
{
	archiveVersion = 1;
	classes = {
	};
	objectVersion = 48;
	objects = {

/* Begin PBXBuildFile section */
		0516079A1F042B2D00E732FC /* DispatchedValueTestHelper.swift in Sources */ = {isa = PBXBuildFile; fileRef = 051607981F042A6700E732FC /* DispatchedValueTestHelper.swift */; };
		0516079C1F042C0900E732FC /* DispatchedValueWrapper.swift in Sources */ = {isa = PBXBuildFile; fileRef = 0516079B1F042C0900E732FC /* DispatchedValueWrapper.swift */; };
		0516079F1F046AF600E732FC /* DispatchedDictionaryController.swift in Sources */ = {isa = PBXBuildFile; fileRef = 0516079D1F046AB500E732FC /* DispatchedDictionaryController.swift */; };
		051607A01F046AF900E732FC /* DispatchedDictionaryController.swift in Sources */ = {isa = PBXBuildFile; fileRef = 0516079E1F046ACB00E732FC /* DispatchedDictionaryController.swift */; };
		052EF6201EFD68DB009E9A05 /* STDThreadKit.framework in Frameworks */ = {isa = PBXBuildFile; fileRef = 052EF61B1EFD68CB009E9A05 /* STDThreadKit.framework */; };
		053D2A8E1F02E73C00415CE9 /* DispatchedValue.swift in Sources */ = {isa = PBXBuildFile; fileRef = 053D2A8C1F02E68F00415CE9 /* DispatchedValue.swift */; };
		0551EA681EFBFFB000D137B9 /* DispatchedValue.swift in Sources */ = {isa = PBXBuildFile; fileRef = 0551EA671EFBFFB000D137B9 /* DispatchedValue.swift */; };
		0551EAC61EFC13D600D137B9 /* DispatchedBool.swift in Sources */ = {isa = PBXBuildFile; fileRef = 0551EAC51EFC13D600D137B9 /* DispatchedBool.swift */; };
		0551EAC81EFC142800D137B9 /* DispatchedString.swift in Sources */ = {isa = PBXBuildFile; fileRef = 0551EAC71EFC142800D137B9 /* DispatchedString.swift */; };
		0551EACA1EFC14AA00D137B9 /* DispatchedNumber.swift in Sources */ = {isa = PBXBuildFile; fileRef = 0551EAC91EFC14AA00D137B9 /* DispatchedNumber.swift */; };
		0551EACC1EFC156D00D137B9 /* DispatchedObject.swift in Sources */ = {isa = PBXBuildFile; fileRef = 0551EACB1EFC156D00D137B9 /* DispatchedObject.swift */; };
		0551EAE01EFC1A8B00D137B9 /* ThreadSafeValueWrapper.swift in Sources */ = {isa = PBXBuildFile; fileRef = 0551EADF1EFC1A8B00D137B9 /* ThreadSafeValueWrapper.swift */; };
		0551EAE21EFC1E6200D137B9 /* DispatchedArrayController.swift in Sources */ = {isa = PBXBuildFile; fileRef = 0551EAE11EFC1E6200D137B9 /* DispatchedArrayController.swift */; };
		0551EAE41EFC1EA600D137B9 /* DispatchedTreeController.swift in Sources */ = {isa = PBXBuildFile; fileRef = 0551EAE31EFC1EA600D137B9 /* DispatchedTreeController.swift */; };
		0551EAE61EFC1ECE00D137B9 /* DispatchedMutableArray.swift in Sources */ = {isa = PBXBuildFile; fileRef = 0551EAE51EFC1ECE00D137B9 /* DispatchedMutableArray.swift */; };
		0551EAE81EFC1EDF00D137B9 /* DispatchedMutableDictionary.swift in Sources */ = {isa = PBXBuildFile; fileRef = 0551EAE71EFC1EDF00D137B9 /* DispatchedMutableDictionary.swift */; };
		0551EAEA1EFC1EED00D137B9 /* DispatchedMutableSet.swift in Sources */ = {isa = PBXBuildFile; fileRef = 0551EAE91EFC1EED00D137B9 /* DispatchedMutableSet.swift */; };
		0551EAF41EFC25C300D137B9 /* DispatchedArrayController.swift in Sources */ = {isa = PBXBuildFile; fileRef = 0551EAF11EFC24C500D137B9 /* DispatchedArrayController.swift */; };
		0551EAF51EFC25C300D137B9 /* DispatchedBool.swift in Sources */ = {isa = PBXBuildFile; fileRef = 0551EAF31EFC24C500D137B9 /* DispatchedBool.swift */; };
		0551EAF61EFC25C300D137B9 /* DispatchedMutableArray.swift in Sources */ = {isa = PBXBuildFile; fileRef = 0551EAF01EFC24C500D137B9 /* DispatchedMutableArray.swift */; };
		0551EAF71EFC25C300D137B9 /* DispatchedMutableDictionary.swift in Sources */ = {isa = PBXBuildFile; fileRef = 0551EAEE1EFC24C500D137B9 /* DispatchedMutableDictionary.swift */; };
		0551EAF81EFC25C300D137B9 /* DispatchedMutableSet.swift in Sources */ = {isa = PBXBuildFile; fileRef = 0551EAEB1EFC24C500D137B9 /* DispatchedMutableSet.swift */; };
		0551EAF91EFC25C300D137B9 /* DispatchedNumber.swift in Sources */ = {isa = PBXBuildFile; fileRef = 0551EAED1EFC24C500D137B9 /* DispatchedNumber.swift */; };
		0551EAFA1EFC25C300D137B9 /* DispatchedObject.swift in Sources */ = {isa = PBXBuildFile; fileRef = 0551EAEC1EFC24C500D137B9 /* DispatchedObject.swift */; };
		0551EAFB1EFC25C300D137B9 /* DispatchedString.swift in Sources */ = {isa = PBXBuildFile; fileRef = 0551EAEF1EFC24C500D137B9 /* DispatchedString.swift */; };
		0551EAFC1EFC25C300D137B9 /* DispatchedTreeController.swift in Sources */ = {isa = PBXBuildFile; fileRef = 0551EAF21EFC24C500D137B9 /* DispatchedTreeController.swift */; };
		0551EB141EFD397C00D137B9 /* AtomicKit.h in Headers */ = {isa = PBXBuildFile; fileRef = 0551EB131EFD397C00D137B9 /* AtomicKit.h */; settings = {ATTRIBUTES = (Public, ); }; };
		0551EB151EFD39F300D137B9 /* sem_t.h in Headers */ = {isa = PBXBuildFile; fileRef = 055EF4961EFBE7EA00E610CF /* sem_t.h */; settings = {ATTRIBUTES = (Public, ); }; };
		0554F988227A082000A6D652 /* PossiblyUnfairLock.swift in Sources */ = {isa = PBXBuildFile; fileRef = 0554F987227A082000A6D652 /* PossiblyUnfairLock.swift */; };
		055EF4711EFBE78100E610CF /* AtomicKit.framework in Frameworks */ = {isa = PBXBuildFile; fileRef = 055EF4671EFBE78100E610CF /* AtomicKit.framework */; };
		055EF4981EFBE7F800E610CF /* Atomic.swift in Sources */ = {isa = PBXBuildFile; fileRef = 055EF4971EFBE7EA00E610CF /* Atomic.swift */; };
		055EF4991EFBE7F800E610CF /* Lockable.swift in Sources */ = {isa = PBXBuildFile; fileRef = 055EF48E1EFBE7EA00E610CF /* Lockable.swift */; };
		055EF49A1EFBE7F800E610CF /* LockingValue.swift in Sources */ = {isa = PBXBuildFile; fileRef = 055EF4921EFBE7EA00E610CF /* LockingValue.swift */; };
		055EF49B1EFBE7F800E610CF /* Mutex.swift in Sources */ = {isa = PBXBuildFile; fileRef = 055EF4951EFBE7EA00E610CF /* Mutex.swift */; };
		055EF49C1EFBE7F800E610CF /* RecursiveMutex.swift in Sources */ = {isa = PBXBuildFile; fileRef = 055EF4931EFBE7EA00E610CF /* RecursiveMutex.swift */; };
		055EF49D1EFBE7F800E610CF /* RWLock.swift in Sources */ = {isa = PBXBuildFile; fileRef = 055EF4901EFBE7EA00E610CF /* RWLock.swift */; };
		055EF49F1EFBE7F800E610CF /* sem_t.m in Sources */ = {isa = PBXBuildFile; fileRef = 055EF48D1EFBE7EA00E610CF /* sem_t.m */; };
		055EF4A01EFBE7F800E610CF /* Semaphore.swift in Sources */ = {isa = PBXBuildFile; fileRef = 055EF4941EFBE7EA00E610CF /* Semaphore.swift */; };
		055EF4A11EFBE7F800E610CF /* UnfairLock.swift in Sources */ = {isa = PBXBuildFile; fileRef = 055EF48F1EFBE7EA00E610CF /* UnfairLock.swift */; };
		055EF4AA1EFBE83E00E610CF /* Atomic.swift in Sources */ = {isa = PBXBuildFile; fileRef = 055EF4A61EFBE83B00E610CF /* Atomic.swift */; };
		055EF4AC1EFBE83E00E610CF /* LockingValue.swift in Sources */ = {isa = PBXBuildFile; fileRef = 055EF4A41EFBE83B00E610CF /* LockingValue.swift */; };
		055EF4AD1EFBE83E00E610CF /* Mutex.swift in Sources */ = {isa = PBXBuildFile; fileRef = 055EF4A81EFBE83B00E610CF /* Mutex.swift */; };
		055EF4AE1EFBE83E00E610CF /* RecursiveMutex.swift in Sources */ = {isa = PBXBuildFile; fileRef = 055EF4A51EFBE83B00E610CF /* RecursiveMutex.swift */; };
		055EF4AF1EFBE83E00E610CF /* RWLock.swift in Sources */ = {isa = PBXBuildFile; fileRef = 055EF4A21EFBE83B00E610CF /* RWLock.swift */; };
		055EF4B01EFBE83E00E610CF /* Semaphore.swift in Sources */ = {isa = PBXBuildFile; fileRef = 055EF4A31EFBE83B00E610CF /* Semaphore.swift */; };
		055EF4B11EFBE83E00E610CF /* UnfairLock.swift in Sources */ = {isa = PBXBuildFile; fileRef = 055EF4A71EFBE83B00E610CF /* UnfairLock.swift */; };
		056763731EFD757C005118F7 /* main.swift in Sources */ = {isa = PBXBuildFile; fileRef = 056763721EFD757C005118F7 /* main.swift */; };
		0567637A1EFD7597005118F7 /* Test-Helper in CopyFiles */ = {isa = PBXBuildFile; fileRef = 056763701EFD757C005118F7 /* Test-Helper */; settings = {ATTRIBUTES = (CodeSignOnCopy, ); }; };
		0567637D1EFD780C005118F7 /* AtomicKit.framework in Frameworks */ = {isa = PBXBuildFile; fileRef = 055EF4671EFBE78100E610CF /* AtomicKit.framework */; };
		05C023111F057755006D4851 /* LockingValueTestHelper.swift in Sources */ = {isa = PBXBuildFile; fileRef = 05C0230F1F057677006D4851 /* LockingValueTestHelper.swift */; };
/* End PBXBuildFile section */

/* Begin PBXContainerItemProxy section */
		052EF61A1EFD68CB009E9A05 /* PBXContainerItemProxy */ = {
			isa = PBXContainerItemProxy;
			containerPortal = 052EF6151EFD68CB009E9A05 /* STDThreadKit.xcodeproj */;
			proxyType = 2;
			remoteGlobalIDString = 055EF4671EFBE78100E610CF;
			remoteInfo = STDThreadKit;
		};
		052EF61C1EFD68CB009E9A05 /* PBXContainerItemProxy */ = {
			isa = PBXContainerItemProxy;
			containerPortal = 052EF6151EFD68CB009E9A05 /* STDThreadKit.xcodeproj */;
			proxyType = 2;
			remoteGlobalIDString = 055EF4701EFBE78100E610CF;
			remoteInfo = STDThreadKitTests;
		};
		052EF61E1EFD68D6009E9A05 /* PBXContainerItemProxy */ = {
			isa = PBXContainerItemProxy;
			containerPortal = 052EF6151EFD68CB009E9A05 /* STDThreadKit.xcodeproj */;
			proxyType = 1;
			remoteGlobalIDString = 055EF4661EFBE78100E610CF;
			remoteInfo = STDThreadKit;
		};
		055EF4721EFBE78100E610CF /* PBXContainerItemProxy */ = {
			isa = PBXContainerItemProxy;
			containerPortal = 055EF45E1EFBE78100E610CF /* Project object */;
			proxyType = 1;
			remoteGlobalIDString = 055EF4661EFBE78100E610CF;
			remoteInfo = AtomicKit;
		};
		056763781EFD7590005118F7 /* PBXContainerItemProxy */ = {
			isa = PBXContainerItemProxy;
			containerPortal = 055EF45E1EFBE78100E610CF /* Project object */;
			proxyType = 1;
			remoteGlobalIDString = 0567636F1EFD757C005118F7;
			remoteInfo = "Test-Helper";
		};
		0567637B1EFD77FD005118F7 /* PBXContainerItemProxy */ = {
			isa = PBXContainerItemProxy;
			containerPortal = 055EF45E1EFBE78100E610CF /* Project object */;
			proxyType = 1;
			remoteGlobalIDString = 055EF4661EFBE78100E610CF;
			remoteInfo = AtomicKit;
		};
/* End PBXContainerItemProxy section */

/* Begin PBXCopyFilesBuildPhase section */
		056763771EFD758B005118F7 /* CopyFiles */ = {
			isa = PBXCopyFilesBuildPhase;
			buildActionMask = 2147483647;
			dstPath = "";
			dstSubfolderSpec = 6;
			files = (
				0567637A1EFD7597005118F7 /* Test-Helper in CopyFiles */,
			);
			runOnlyForDeploymentPostprocessing = 0;
		};
/* End PBXCopyFilesBuildPhase section */

/* Begin PBXFileReference section */
		051607981F042A6700E732FC /* DispatchedValueTestHelper.swift */ = {isa = PBXFileReference; lastKnownFileType = sourcecode.swift; path = DispatchedValueTestHelper.swift; sourceTree = "<group>"; };
		0516079B1F042C0900E732FC /* DispatchedValueWrapper.swift */ = {isa = PBXFileReference; lastKnownFileType = sourcecode.swift; path = DispatchedValueWrapper.swift; sourceTree = "<group>"; };
		0516079D1F046AB500E732FC /* DispatchedDictionaryController.swift */ = {isa = PBXFileReference; lastKnownFileType = sourcecode.swift; path = DispatchedDictionaryController.swift; sourceTree = "<group>"; };
		0516079E1F046ACB00E732FC /* DispatchedDictionaryController.swift */ = {isa = PBXFileReference; lastKnownFileType = sourcecode.swift; path = DispatchedDictionaryController.swift; sourceTree = "<group>"; };
		052EF6151EFD68CB009E9A05 /* STDThreadKit.xcodeproj */ = {isa = PBXFileReference; lastKnownFileType = "wrapper.pb-project"; name = STDThreadKit.xcodeproj; path = Submodules/STDThreadKit/STDThreadKit.xcodeproj; sourceTree = "<group>"; };
		053D2A8C1F02E68F00415CE9 /* DispatchedValue.swift */ = {isa = PBXFileReference; lastKnownFileType = sourcecode.swift; path = DispatchedValue.swift; sourceTree = "<group>"; };
		0551EA671EFBFFB000D137B9 /* DispatchedValue.swift */ = {isa = PBXFileReference; lastKnownFileType = sourcecode.swift; path = DispatchedValue.swift; sourceTree = "<group>"; };
		0551EAC51EFC13D600D137B9 /* DispatchedBool.swift */ = {isa = PBXFileReference; lastKnownFileType = sourcecode.swift; path = DispatchedBool.swift; sourceTree = "<group>"; };
		0551EAC71EFC142800D137B9 /* DispatchedString.swift */ = {isa = PBXFileReference; lastKnownFileType = sourcecode.swift; path = DispatchedString.swift; sourceTree = "<group>"; };
		0551EAC91EFC14AA00D137B9 /* DispatchedNumber.swift */ = {isa = PBXFileReference; lastKnownFileType = sourcecode.swift; path = DispatchedNumber.swift; sourceTree = "<group>"; };
		0551EACB1EFC156D00D137B9 /* DispatchedObject.swift */ = {isa = PBXFileReference; lastKnownFileType = sourcecode.swift; path = DispatchedObject.swift; sourceTree = "<group>"; };
		0551EADF1EFC1A8B00D137B9 /* ThreadSafeValueWrapper.swift */ = {isa = PBXFileReference; lastKnownFileType = sourcecode.swift; path = ThreadSafeValueWrapper.swift; sourceTree = "<group>"; };
		0551EAE11EFC1E6200D137B9 /* DispatchedArrayController.swift */ = {isa = PBXFileReference; lastKnownFileType = sourcecode.swift; path = DispatchedArrayController.swift; sourceTree = "<group>"; };
		0551EAE31EFC1EA600D137B9 /* DispatchedTreeController.swift */ = {isa = PBXFileReference; lastKnownFileType = sourcecode.swift; path = DispatchedTreeController.swift; sourceTree = "<group>"; };
		0551EAE51EFC1ECE00D137B9 /* DispatchedMutableArray.swift */ = {isa = PBXFileReference; lastKnownFileType = sourcecode.swift; path = DispatchedMutableArray.swift; sourceTree = "<group>"; };
		0551EAE71EFC1EDF00D137B9 /* DispatchedMutableDictionary.swift */ = {isa = PBXFileReference; lastKnownFileType = sourcecode.swift; path = DispatchedMutableDictionary.swift; sourceTree = "<group>"; };
		0551EAE91EFC1EED00D137B9 /* DispatchedMutableSet.swift */ = {isa = PBXFileReference; lastKnownFileType = sourcecode.swift; path = DispatchedMutableSet.swift; sourceTree = "<group>"; };
		0551EAEB1EFC24C500D137B9 /* DispatchedMutableSet.swift */ = {isa = PBXFileReference; lastKnownFileType = sourcecode.swift; path = DispatchedMutableSet.swift; sourceTree = "<group>"; };
		0551EAEC1EFC24C500D137B9 /* DispatchedObject.swift */ = {isa = PBXFileReference; lastKnownFileType = sourcecode.swift; path = DispatchedObject.swift; sourceTree = "<group>"; };
		0551EAED1EFC24C500D137B9 /* DispatchedNumber.swift */ = {isa = PBXFileReference; lastKnownFileType = sourcecode.swift; path = DispatchedNumber.swift; sourceTree = "<group>"; };
		0551EAEE1EFC24C500D137B9 /* DispatchedMutableDictionary.swift */ = {isa = PBXFileReference; lastKnownFileType = sourcecode.swift; path = DispatchedMutableDictionary.swift; sourceTree = "<group>"; };
		0551EAEF1EFC24C500D137B9 /* DispatchedString.swift */ = {isa = PBXFileReference; lastKnownFileType = sourcecode.swift; path = DispatchedString.swift; sourceTree = "<group>"; };
		0551EAF01EFC24C500D137B9 /* DispatchedMutableArray.swift */ = {isa = PBXFileReference; lastKnownFileType = sourcecode.swift; path = DispatchedMutableArray.swift; sourceTree = "<group>"; };
		0551EAF11EFC24C500D137B9 /* DispatchedArrayController.swift */ = {isa = PBXFileReference; lastKnownFileType = sourcecode.swift; path = DispatchedArrayController.swift; sourceTree = "<group>"; };
		0551EAF21EFC24C500D137B9 /* DispatchedTreeController.swift */ = {isa = PBXFileReference; lastKnownFileType = sourcecode.swift; path = DispatchedTreeController.swift; sourceTree = "<group>"; };
		0551EAF31EFC24C500D137B9 /* DispatchedBool.swift */ = {isa = PBXFileReference; lastKnownFileType = sourcecode.swift; path = DispatchedBool.swift; sourceTree = "<group>"; };
		0551EAFE1EFC25D900D137B9 /* LICENSE */ = {isa = PBXFileReference; lastKnownFileType = text; path = LICENSE; sourceTree = "<group>"; };
		0551EAFF1EFC25D900D137B9 /* README.md */ = {isa = PBXFileReference; lastKnownFileType = net.daringfireball.markdown; path = README.md; sourceTree = "<group>"; };
		0551EB131EFD397C00D137B9 /* AtomicKit.h */ = {isa = PBXFileReference; lastKnownFileType = sourcecode.c.h; path = AtomicKit.h; sourceTree = "<group>"; };
		0554F953227A052700A6D652 /* Release - ccache.xcconfig */ = {isa = PBXFileReference; lastKnownFileType = text.xcconfig; path = "Release - ccache.xcconfig"; sourceTree = "<group>"; };
		0554F954227A052700A6D652 /* Common.xcconfig */ = {isa = PBXFileReference; lastKnownFileType = text.xcconfig; path = Common.xcconfig; sourceTree = "<group>"; };
		0554F955227A052700A6D652 /* Debug - ccache.xcconfig */ = {isa = PBXFileReference; lastKnownFileType = text.xcconfig; path = "Debug - ccache.xcconfig"; sourceTree = "<group>"; };
		0554F956227A052700A6D652 /* Debug.xcconfig */ = {isa = PBXFileReference; lastKnownFileType = text.xcconfig; path = Debug.xcconfig; sourceTree = "<group>"; };
		0554F957227A052700A6D652 /* Release.xcconfig */ = {isa = PBXFileReference; lastKnownFileType = text.xcconfig; path = Release.xcconfig; sourceTree = "<group>"; };
		0554F958227A052700A6D652 /* README.md */ = {isa = PBXFileReference; lastKnownFileType = net.daringfireball.markdown; path = README.md; sourceTree = "<group>"; };
		0554F95A227A052700A6D652 /* Signing.xcconfig */ = {isa = PBXFileReference; lastKnownFileType = text.xcconfig; path = Signing.xcconfig; sourceTree = "<group>"; };
		0554F95B227A052700A6D652 /* Architectures.xcconfig */ = {isa = PBXFileReference; lastKnownFileType = text.xcconfig; path = Architectures.xcconfig; sourceTree = "<group>"; };
		0554F95D227A052700A6D652 /* Issues.xcconfig */ = {isa = PBXFileReference; lastKnownFileType = text.xcconfig; path = Issues.xcconfig; sourceTree = "<group>"; };
		0554F95F227A052700A6D652 /* Apple-APIs.xcconfig */ = {isa = PBXFileReference; lastKnownFileType = text.xcconfig; path = "Apple-APIs.xcconfig"; sourceTree = "<group>"; };
		0554F960227A052700A6D652 /* Generic-Issues.xcconfig */ = {isa = PBXFileReference; lastKnownFileType = text.xcconfig; path = "Generic-Issues.xcconfig"; sourceTree = "<group>"; };
		0554F961227A052700A6D652 /* Security.xcconfig */ = {isa = PBXFileReference; lastKnownFileType = text.xcconfig; path = Security.xcconfig; sourceTree = "<group>"; };
		0554F962227A052700A6D652 /* Objective-C.xcconfig */ = {isa = PBXFileReference; lastKnownFileType = text.xcconfig; path = "Objective-C.xcconfig"; sourceTree = "<group>"; };
		0554F963227A052700A6D652 /* Analysis-Policy.xcconfig */ = {isa = PBXFileReference; lastKnownFileType = text.xcconfig; path = "Analysis-Policy.xcconfig"; sourceTree = "<group>"; };
		0554F964227A052700A6D652 /* Deployment.xcconfig */ = {isa = PBXFileReference; lastKnownFileType = text.xcconfig; path = Deployment.xcconfig; sourceTree = "<group>"; };
		0554F965227A052700A6D652 /* Build-Options.xcconfig */ = {isa = PBXFileReference; lastKnownFileType = text.xcconfig; path = "Build-Options.xcconfig"; sourceTree = "<group>"; };
		0554F966227A052700A6D652 /* Swift-Compiler.xcconfig */ = {isa = PBXFileReference; lastKnownFileType = text.xcconfig; path = "Swift-Compiler.xcconfig"; sourceTree = "<group>"; };
		0554F967227A052700A6D652 /* Static-Analyzer.xcconfig */ = {isa = PBXFileReference; lastKnownFileType = text.xcconfig; path = "Static-Analyzer.xcconfig"; sourceTree = "<group>"; };
		0554F969227A052700A6D652 /* Warnings-Policies.xcconfig */ = {isa = PBXFileReference; lastKnownFileType = text.xcconfig; path = "Warnings-Policies.xcconfig"; sourceTree = "<group>"; };
		0554F96A227A052700A6D652 /* Code-Generation.xcconfig */ = {isa = PBXFileReference; lastKnownFileType = text.xcconfig; path = "Code-Generation.xcconfig"; sourceTree = "<group>"; };
		0554F96B227A052700A6D652 /* Language.xcconfig */ = {isa = PBXFileReference; lastKnownFileType = text.xcconfig; path = Language.xcconfig; sourceTree = "<group>"; };
		0554F96C227A052700A6D652 /* General.xcconfig */ = {isa = PBXFileReference; lastKnownFileType = text.xcconfig; path = General.xcconfig; sourceTree = "<group>"; };
		0554F96D227A052700A6D652 /* Search-Paths.xcconfig */ = {isa = PBXFileReference; lastKnownFileType = text.xcconfig; path = "Search-Paths.xcconfig"; sourceTree = "<group>"; };
		0554F96E227A052700A6D652 /* Apple-LLVM.xcconfig */ = {isa = PBXFileReference; lastKnownFileType = text.xcconfig; path = "Apple-LLVM.xcconfig"; sourceTree = "<group>"; };
		0554F971227A052700A6D652 /* Modules.xcconfig */ = {isa = PBXFileReference; lastKnownFileType = text.xcconfig; path = Modules.xcconfig; sourceTree = "<group>"; };
		0554F972227A052700A6D652 /* Objective-C.xcconfig */ = {isa = PBXFileReference; lastKnownFileType = text.xcconfig; path = "Objective-C.xcconfig"; sourceTree = "<group>"; };
		0554F973227A052700A6D652 /* C++.xcconfig */ = {isa = PBXFileReference; lastKnownFileType = text.xcconfig; path = "C++.xcconfig"; sourceTree = "<group>"; };
		0554F974227A052700A6D652 /* Code-Generation.xcconfig */ = {isa = PBXFileReference; lastKnownFileType = text.xcconfig; path = "Code-Generation.xcconfig"; sourceTree = "<group>"; };
		0554F975227A052700A6D652 /* Address-Sanitizer.xcconfig */ = {isa = PBXFileReference; lastKnownFileType = text.xcconfig; path = "Address-Sanitizer.xcconfig"; sourceTree = "<group>"; };
		0554F976227A052700A6D652 /* Language.xcconfig */ = {isa = PBXFileReference; lastKnownFileType = text.xcconfig; path = Language.xcconfig; sourceTree = "<group>"; };
		0554F977227A052700A6D652 /* Warnings.xcconfig */ = {isa = PBXFileReference; lastKnownFileType = text.xcconfig; path = Warnings.xcconfig; sourceTree = "<group>"; };
		0554F978227A052700A6D652 /* Undefined-Behavior-Sanitizer.xcconfig */ = {isa = PBXFileReference; lastKnownFileType = text.xcconfig; path = "Undefined-Behavior-Sanitizer.xcconfig"; sourceTree = "<group>"; };
		0554F979227A052700A6D652 /* Warning-Policies.xcconfig */ = {isa = PBXFileReference; lastKnownFileType = text.xcconfig; path = "Warning-Policies.xcconfig"; sourceTree = "<group>"; };
		0554F97B227A052700A6D652 /* Objective-C-ARC.xcconfig */ = {isa = PBXFileReference; lastKnownFileType = text.xcconfig; path = "Objective-C-ARC.xcconfig"; sourceTree = "<group>"; };
		0554F97C227A052700A6D652 /* Objective-C.xcconfig */ = {isa = PBXFileReference; lastKnownFileType = text.xcconfig; path = "Objective-C.xcconfig"; sourceTree = "<group>"; };
		0554F97D227A052700A6D652 /* C++.xcconfig */ = {isa = PBXFileReference; lastKnownFileType = text.xcconfig; path = "C++.xcconfig"; sourceTree = "<group>"; };
		0554F97E227A052700A6D652 /* All-Languages.xcconfig */ = {isa = PBXFileReference; lastKnownFileType = text.xcconfig; path = "All-Languages.xcconfig"; sourceTree = "<group>"; };
		0554F97F227A052700A6D652 /* Preprocessing.xcconfig */ = {isa = PBXFileReference; lastKnownFileType = text.xcconfig; path = Preprocessing.xcconfig; sourceTree = "<group>"; };
		0554F980227A052700A6D652 /* .gitignore */ = {isa = PBXFileReference; lastKnownFileType = text; path = .gitignore; sourceTree = "<group>"; };
		0554F982227A052700A6D652 /* ccache-config.sh */ = {isa = PBXFileReference; lastKnownFileType = text.script.sh; path = "ccache-config.sh"; sourceTree = "<group>"; };
		0554F983227A052700A6D652 /* ccache.sh */ = {isa = PBXFileReference; lastKnownFileType = text.script.sh; path = ccache.sh; sourceTree = "<group>"; };
		0554F987227A082000A6D652 /* PossiblyUnfairLock.swift */ = {isa = PBXFileReference; lastKnownFileType = sourcecode.swift; path = PossiblyUnfairLock.swift; sourceTree = "<group>"; };
		055EF4671EFBE78100E610CF /* AtomicKit.framework */ = {isa = PBXFileReference; explicitFileType = wrapper.framework; includeInIndex = 0; path = AtomicKit.framework; sourceTree = BUILT_PRODUCTS_DIR; };
		055EF46B1EFBE78100E610CF /* Info.plist */ = {isa = PBXFileReference; lastKnownFileType = text.plist.xml; path = Info.plist; sourceTree = "<group>"; };
		055EF4701EFBE78100E610CF /* AtomicKitTests.xctest */ = {isa = PBXFileReference; explicitFileType = wrapper.cfbundle; includeInIndex = 0; path = AtomicKitTests.xctest; sourceTree = BUILT_PRODUCTS_DIR; };
		055EF4771EFBE78100E610CF /* Info.plist */ = {isa = PBXFileReference; lastKnownFileType = text.plist.xml; path = Info.plist; sourceTree = "<group>"; };
		055EF48D1EFBE7EA00E610CF /* sem_t.m */ = {isa = PBXFileReference; lastKnownFileType = sourcecode.c.objc; path = sem_t.m; sourceTree = "<group>"; };
		055EF48E1EFBE7EA00E610CF /* Lockable.swift */ = {isa = PBXFileReference; lastKnownFileType = sourcecode.swift; path = Lockable.swift; sourceTree = "<group>"; };
		055EF48F1EFBE7EA00E610CF /* UnfairLock.swift */ = {isa = PBXFileReference; lastKnownFileType = sourcecode.swift; path = UnfairLock.swift; sourceTree = "<group>"; };
		055EF4901EFBE7EA00E610CF /* RWLock.swift */ = {isa = PBXFileReference; lastKnownFileType = sourcecode.swift; path = RWLock.swift; sourceTree = "<group>"; };
		055EF4921EFBE7EA00E610CF /* LockingValue.swift */ = {isa = PBXFileReference; lastKnownFileType = sourcecode.swift; path = LockingValue.swift; sourceTree = "<group>"; };
		055EF4931EFBE7EA00E610CF /* RecursiveMutex.swift */ = {isa = PBXFileReference; lastKnownFileType = sourcecode.swift; path = RecursiveMutex.swift; sourceTree = "<group>"; };
		055EF4941EFBE7EA00E610CF /* Semaphore.swift */ = {isa = PBXFileReference; lastKnownFileType = sourcecode.swift; path = Semaphore.swift; sourceTree = "<group>"; };
		055EF4951EFBE7EA00E610CF /* Mutex.swift */ = {isa = PBXFileReference; lastKnownFileType = sourcecode.swift; path = Mutex.swift; sourceTree = "<group>"; };
		055EF4961EFBE7EA00E610CF /* sem_t.h */ = {isa = PBXFileReference; lastKnownFileType = sourcecode.c.h; path = sem_t.h; sourceTree = "<group>"; };
		055EF4971EFBE7EA00E610CF /* Atomic.swift */ = {isa = PBXFileReference; lastKnownFileType = sourcecode.swift; path = Atomic.swift; sourceTree = "<group>"; };
		055EF4A21EFBE83B00E610CF /* RWLock.swift */ = {isa = PBXFileReference; lastKnownFileType = sourcecode.swift; path = RWLock.swift; sourceTree = "<group>"; };
		055EF4A31EFBE83B00E610CF /* Semaphore.swift */ = {isa = PBXFileReference; lastKnownFileType = sourcecode.swift; path = Semaphore.swift; sourceTree = "<group>"; };
		055EF4A41EFBE83B00E610CF /* LockingValue.swift */ = {isa = PBXFileReference; lastKnownFileType = sourcecode.swift; path = LockingValue.swift; sourceTree = "<group>"; };
		055EF4A51EFBE83B00E610CF /* RecursiveMutex.swift */ = {isa = PBXFileReference; lastKnownFileType = sourcecode.swift; path = RecursiveMutex.swift; sourceTree = "<group>"; };
		055EF4A61EFBE83B00E610CF /* Atomic.swift */ = {isa = PBXFileReference; lastKnownFileType = sourcecode.swift; path = Atomic.swift; sourceTree = "<group>"; };
		055EF4A71EFBE83B00E610CF /* UnfairLock.swift */ = {isa = PBXFileReference; lastKnownFileType = sourcecode.swift; path = UnfairLock.swift; sourceTree = "<group>"; };
		055EF4A81EFBE83B00E610CF /* Mutex.swift */ = {isa = PBXFileReference; lastKnownFileType = sourcecode.swift; path = Mutex.swift; sourceTree = "<group>"; };
		056763701EFD757C005118F7 /* Test-Helper */ = {isa = PBXFileReference; explicitFileType = "compiled.mach-o.executable"; includeInIndex = 0; path = "Test-Helper"; sourceTree = BUILT_PRODUCTS_DIR; };
		056763721EFD757C005118F7 /* main.swift */ = {isa = PBXFileReference; lastKnownFileType = sourcecode.swift; path = main.swift; sourceTree = "<group>"; };
		05B3A04E1F004DFE00524F81 /* jazzy.yml */ = {isa = PBXFileReference; lastKnownFileType = text; path = jazzy.yml; sourceTree = "<group>"; };
		05B3A04F1F004DFE00524F81 /* Makefile */ = {isa = PBXFileReference; lastKnownFileType = sourcecode.make; path = Makefile; sourceTree = "<group>"; };
		05C0230F1F057677006D4851 /* LockingValueTestHelper.swift */ = {isa = PBXFileReference; lastKnownFileType = sourcecode.swift; path = LockingValueTestHelper.swift; sourceTree = "<group>"; };
/* End PBXFileReference section */

/* Begin PBXFrameworksBuildPhase section */
		055EF4631EFBE78100E610CF /* Frameworks */ = {
			isa = PBXFrameworksBuildPhase;
			buildActionMask = 2147483647;
			files = (
			);
			runOnlyForDeploymentPostprocessing = 0;
		};
		055EF46D1EFBE78100E610CF /* Frameworks */ = {
			isa = PBXFrameworksBuildPhase;
			buildActionMask = 2147483647;
			files = (
				052EF6201EFD68DB009E9A05 /* STDThreadKit.framework in Frameworks */,
				055EF4711EFBE78100E610CF /* AtomicKit.framework in Frameworks */,
			);
			runOnlyForDeploymentPostprocessing = 0;
		};
		0567636D1EFD757C005118F7 /* Frameworks */ = {
			isa = PBXFrameworksBuildPhase;
			buildActionMask = 2147483647;
			files = (
				0567637D1EFD780C005118F7 /* AtomicKit.framework in Frameworks */,
			);
			runOnlyForDeploymentPostprocessing = 0;
		};
/* End PBXFrameworksBuildPhase section */

/* Begin PBXGroup section */
		052EF6161EFD68CB009E9A05 /* Products */ = {
			isa = PBXGroup;
			children = (
				052EF61B1EFD68CB009E9A05 /* STDThreadKit.framework */,
				052EF61D1EFD68CB009E9A05 /* STDThreadKitTests.xctest */,
			);
			name = Products;
			sourceTree = "<group>";
		};
		0554F952227A052700A6D652 /* xcconfig */ = {
			isa = PBXGroup;
			children = (
				0554F953227A052700A6D652 /* Release - ccache.xcconfig */,
				0554F954227A052700A6D652 /* Common.xcconfig */,
				0554F955227A052700A6D652 /* Debug - ccache.xcconfig */,
				0554F956227A052700A6D652 /* Debug.xcconfig */,
				0554F957227A052700A6D652 /* Release.xcconfig */,
				0554F958227A052700A6D652 /* README.md */,
				0554F959227A052700A6D652 /* Common */,
				0554F980227A052700A6D652 /* .gitignore */,
				0554F981227A052700A6D652 /* Scripts */,
			);
			name = xcconfig;
			path = Submodules/xcconfig;
			sourceTree = "<group>";
		};
		0554F959227A052700A6D652 /* Common */ = {
			isa = PBXGroup;
			children = (
				0554F95A227A052700A6D652 /* Signing.xcconfig */,
				0554F95B227A052700A6D652 /* Architectures.xcconfig */,
				0554F95C227A052700A6D652 /* Static-Analyzer */,
				0554F964227A052700A6D652 /* Deployment.xcconfig */,
				0554F965227A052700A6D652 /* Build-Options.xcconfig */,
				0554F966227A052700A6D652 /* Swift-Compiler.xcconfig */,
				0554F967227A052700A6D652 /* Static-Analyzer.xcconfig */,
				0554F968227A052700A6D652 /* Swift-Compiler */,
				0554F96D227A052700A6D652 /* Search-Paths.xcconfig */,
				0554F96E227A052700A6D652 /* Apple-LLVM.xcconfig */,
				0554F96F227A052700A6D652 /* Apple-LLVM */,
			);
			path = Common;
			sourceTree = "<group>";
		};
		0554F95C227A052700A6D652 /* Static-Analyzer */ = {
			isa = PBXGroup;
			children = (
				0554F95D227A052700A6D652 /* Issues.xcconfig */,
				0554F95E227A052700A6D652 /* Issues */,
			);
			path = "Static-Analyzer";
			sourceTree = "<group>";
		};
		0554F95E227A052700A6D652 /* Issues */ = {
			isa = PBXGroup;
			children = (
				0554F95F227A052700A6D652 /* Apple-APIs.xcconfig */,
				0554F960227A052700A6D652 /* Generic-Issues.xcconfig */,
				0554F961227A052700A6D652 /* Security.xcconfig */,
				0554F962227A052700A6D652 /* Objective-C.xcconfig */,
				0554F963227A052700A6D652 /* Analysis-Policy.xcconfig */,
			);
			path = Issues;
			sourceTree = "<group>";
		};
		0554F968227A052700A6D652 /* Swift-Compiler */ = {
			isa = PBXGroup;
			children = (
				0554F969227A052700A6D652 /* Warnings-Policies.xcconfig */,
				0554F96A227A052700A6D652 /* Code-Generation.xcconfig */,
				0554F96B227A052700A6D652 /* Language.xcconfig */,
				0554F96C227A052700A6D652 /* General.xcconfig */,
			);
			path = "Swift-Compiler";
			sourceTree = "<group>";
		};
		0554F96F227A052700A6D652 /* Apple-LLVM */ = {
			isa = PBXGroup;
			children = (
				0554F970227A052700A6D652 /* Language */,
				0554F974227A052700A6D652 /* Code-Generation.xcconfig */,
				0554F975227A052700A6D652 /* Address-Sanitizer.xcconfig */,
				0554F976227A052700A6D652 /* Language.xcconfig */,
				0554F977227A052700A6D652 /* Warnings.xcconfig */,
				0554F978227A052700A6D652 /* Undefined-Behavior-Sanitizer.xcconfig */,
				0554F979227A052700A6D652 /* Warning-Policies.xcconfig */,
				0554F97A227A052700A6D652 /* Warnings */,
				0554F97F227A052700A6D652 /* Preprocessing.xcconfig */,
			);
			path = "Apple-LLVM";
			sourceTree = "<group>";
		};
		0554F970227A052700A6D652 /* Language */ = {
			isa = PBXGroup;
			children = (
				0554F971227A052700A6D652 /* Modules.xcconfig */,
				0554F972227A052700A6D652 /* Objective-C.xcconfig */,
				0554F973227A052700A6D652 /* C++.xcconfig */,
			);
			path = Language;
			sourceTree = "<group>";
		};
		0554F97A227A052700A6D652 /* Warnings */ = {
			isa = PBXGroup;
			children = (
				0554F97B227A052700A6D652 /* Objective-C-ARC.xcconfig */,
				0554F97C227A052700A6D652 /* Objective-C.xcconfig */,
				0554F97D227A052700A6D652 /* C++.xcconfig */,
				0554F97E227A052700A6D652 /* All-Languages.xcconfig */,
			);
			path = Warnings;
			sourceTree = "<group>";
		};
		0554F981227A052700A6D652 /* Scripts */ = {
			isa = PBXGroup;
			children = (
				0554F982227A052700A6D652 /* ccache-config.sh */,
				0554F983227A052700A6D652 /* ccache.sh */,
			);
			path = Scripts;
			sourceTree = "<group>";
		};
		055EF45D1EFBE78100E610CF = {
			isa = PBXGroup;
			children = (
				052EF6151EFD68CB009E9A05 /* STDThreadKit.xcodeproj */,
				0551EAFE1EFC25D900D137B9 /* LICENSE */,
				0551EAFF1EFC25D900D137B9 /* README.md */,
				0554F952227A052700A6D652 /* xcconfig */,
				055EF4691EFBE78100E610CF /* AtomicKit */,
				055EF4741EFBE78100E610CF /* AtomicKitTests */,
				056763711EFD757C005118F7 /* Test-Helper */,
				05B3A04D1F004DFE00524F81 /* Documentation */,
				055EF4681EFBE78100E610CF /* Products */,
			);
			sourceTree = "<group>";
		};
		055EF4681EFBE78100E610CF /* Products */ = {
			isa = PBXGroup;
			children = (
				055EF4671EFBE78100E610CF /* AtomicKit.framework */,
				055EF4701EFBE78100E610CF /* AtomicKitTests.xctest */,
				056763701EFD757C005118F7 /* Test-Helper */,
			);
			name = Products;
			sourceTree = "<group>";
		};
		055EF4691EFBE78100E610CF /* AtomicKit */ = {
			isa = PBXGroup;
			children = (
				055EF48C1EFBE7EA00E610CF /* Source */,
				055EF46B1EFBE78100E610CF /* Info.plist */,
			);
			path = AtomicKit;
			sourceTree = "<group>";
		};
		055EF4741EFBE78100E610CF /* AtomicKitTests */ = {
			isa = PBXGroup;
			children = (
				055EF4A61EFBE83B00E610CF /* Atomic.swift */,
				0551EAF11EFC24C500D137B9 /* DispatchedArrayController.swift */,
				0551EAF31EFC24C500D137B9 /* DispatchedBool.swift */,
				0516079D1F046AB500E732FC /* DispatchedDictionaryController.swift */,
				0551EAF01EFC24C500D137B9 /* DispatchedMutableArray.swift */,
				0551EAEE1EFC24C500D137B9 /* DispatchedMutableDictionary.swift */,
				0551EAEB1EFC24C500D137B9 /* DispatchedMutableSet.swift */,
				0551EAED1EFC24C500D137B9 /* DispatchedNumber.swift */,
				0551EAEC1EFC24C500D137B9 /* DispatchedObject.swift */,
				0551EAEF1EFC24C500D137B9 /* DispatchedString.swift */,
				0551EAF21EFC24C500D137B9 /* DispatchedTreeController.swift */,
				053D2A8C1F02E68F00415CE9 /* DispatchedValue.swift */,
				051607981F042A6700E732FC /* DispatchedValueTestHelper.swift */,
				055EF4771EFBE78100E610CF /* Info.plist */,
				055EF4A41EFBE83B00E610CF /* LockingValue.swift */,
				05C0230F1F057677006D4851 /* LockingValueTestHelper.swift */,
				055EF4A81EFBE83B00E610CF /* Mutex.swift */,
				055EF4A51EFBE83B00E610CF /* RecursiveMutex.swift */,
				055EF4A21EFBE83B00E610CF /* RWLock.swift */,
				055EF4A31EFBE83B00E610CF /* Semaphore.swift */,
				055EF4A71EFBE83B00E610CF /* UnfairLock.swift */,
			);
			path = AtomicKitTests;
			sourceTree = "<group>";
		};
		055EF48C1EFBE7EA00E610CF /* Source */ = {
			isa = PBXGroup;
			children = (
				055EF4971EFBE7EA00E610CF /* Atomic.swift */,
				0551EB131EFD397C00D137B9 /* AtomicKit.h */,
				0551EAE11EFC1E6200D137B9 /* DispatchedArrayController.swift */,
				0551EAC51EFC13D600D137B9 /* DispatchedBool.swift */,
				0516079E1F046ACB00E732FC /* DispatchedDictionaryController.swift */,
				0551EAE51EFC1ECE00D137B9 /* DispatchedMutableArray.swift */,
				0551EAE71EFC1EDF00D137B9 /* DispatchedMutableDictionary.swift */,
				0551EAE91EFC1EED00D137B9 /* DispatchedMutableSet.swift */,
				0551EAC91EFC14AA00D137B9 /* DispatchedNumber.swift */,
				0551EACB1EFC156D00D137B9 /* DispatchedObject.swift */,
				0551EAC71EFC142800D137B9 /* DispatchedString.swift */,
				0551EAE31EFC1EA600D137B9 /* DispatchedTreeController.swift */,
				0551EA671EFBFFB000D137B9 /* DispatchedValue.swift */,
				0516079B1F042C0900E732FC /* DispatchedValueWrapper.swift */,
				055EF48E1EFBE7EA00E610CF /* Lockable.swift */,
				055EF4921EFBE7EA00E610CF /* LockingValue.swift */,
				055EF4951EFBE7EA00E610CF /* Mutex.swift */,
				055EF4931EFBE7EA00E610CF /* RecursiveMutex.swift */,
				055EF4901EFBE7EA00E610CF /* RWLock.swift */,
				055EF4961EFBE7EA00E610CF /* sem_t.h */,
				055EF48D1EFBE7EA00E610CF /* sem_t.m */,
				055EF4941EFBE7EA00E610CF /* Semaphore.swift */,
				0551EADF1EFC1A8B00D137B9 /* ThreadSafeValueWrapper.swift */,
				055EF48F1EFBE7EA00E610CF /* UnfairLock.swift */,
				0554F987227A082000A6D652 /* PossiblyUnfairLock.swift */,
			);
			path = Source;
			sourceTree = "<group>";
		};
		056763711EFD757C005118F7 /* Test-Helper */ = {
			isa = PBXGroup;
			children = (
				056763721EFD757C005118F7 /* main.swift */,
			);
			path = "Test-Helper";
			sourceTree = "<group>";
		};
		05B3A04D1F004DFE00524F81 /* Documentation */ = {
			isa = PBXGroup;
			children = (
				05B3A04E1F004DFE00524F81 /* jazzy.yml */,
				05B3A04F1F004DFE00524F81 /* Makefile */,
			);
			path = Documentation;
			sourceTree = "<group>";
		};
/* End PBXGroup section */

/* Begin PBXHeadersBuildPhase section */
		055EF4641EFBE78100E610CF /* Headers */ = {
			isa = PBXHeadersBuildPhase;
			buildActionMask = 2147483647;
			files = (
				0551EB141EFD397C00D137B9 /* AtomicKit.h in Headers */,
				0551EB151EFD39F300D137B9 /* sem_t.h in Headers */,
			);
			runOnlyForDeploymentPostprocessing = 0;
		};
/* End PBXHeadersBuildPhase section */

/* Begin PBXNativeTarget section */
		055EF4661EFBE78100E610CF /* AtomicKit */ = {
			isa = PBXNativeTarget;
			buildConfigurationList = 055EF47B1EFBE78100E610CF /* Build configuration list for PBXNativeTarget "AtomicKit" */;
			buildPhases = (
				055EF4621EFBE78100E610CF /* Sources */,
				055EF4631EFBE78100E610CF /* Frameworks */,
				055EF4641EFBE78100E610CF /* Headers */,
				055EF4651EFBE78100E610CF /* Resources */,
			);
			buildRules = (
			);
			dependencies = (
			);
			name = AtomicKit;
			productName = AtomicKit;
			productReference = 055EF4671EFBE78100E610CF /* AtomicKit.framework */;
			productType = "com.apple.product-type.framework";
		};
		055EF46F1EFBE78100E610CF /* AtomicKitTests */ = {
			isa = PBXNativeTarget;
			buildConfigurationList = 055EF47E1EFBE78100E610CF /* Build configuration list for PBXNativeTarget "AtomicKitTests" */;
			buildPhases = (
				055EF46C1EFBE78100E610CF /* Sources */,
				055EF46D1EFBE78100E610CF /* Frameworks */,
				055EF46E1EFBE78100E610CF /* Resources */,
				056763771EFD758B005118F7 /* CopyFiles */,
			);
			buildRules = (
			);
			dependencies = (
				056763791EFD7590005118F7 /* PBXTargetDependency */,
				052EF61F1EFD68D6009E9A05 /* PBXTargetDependency */,
				055EF4731EFBE78100E610CF /* PBXTargetDependency */,
			);
			name = AtomicKitTests;
			productName = AtomicKitTests;
			productReference = 055EF4701EFBE78100E610CF /* AtomicKitTests.xctest */;
			productType = "com.apple.product-type.bundle.unit-test";
		};
		0567636F1EFD757C005118F7 /* Test-Helper */ = {
			isa = PBXNativeTarget;
			buildConfigurationList = 056763741EFD757C005118F7 /* Build configuration list for PBXNativeTarget "Test-Helper" */;
			buildPhases = (
				0567636C1EFD757C005118F7 /* Sources */,
				0567636D1EFD757C005118F7 /* Frameworks */,
			);
			buildRules = (
			);
			dependencies = (
				0567637C1EFD77FD005118F7 /* PBXTargetDependency */,
			);
			name = "Test-Helper";
			productName = "Test-Helper";
			productReference = 056763701EFD757C005118F7 /* Test-Helper */;
			productType = "com.apple.product-type.tool";
		};
/* End PBXNativeTarget section */

/* Begin PBXProject section */
		055EF45E1EFBE78100E610CF /* Project object */ = {
			isa = PBXProject;
			attributes = {
				LastSwiftUpdateCheck = 0900;
				LastUpgradeCheck = 0900;
				ORGANIZATIONNAME = "XS-Labs";
				TargetAttributes = {
					055EF4661EFBE78100E610CF = {
						CreatedOnToolsVersion = 9.0;
						LastSwiftMigration = 0900;
						ProvisioningStyle = Automatic;
					};
					055EF46F1EFBE78100E610CF = {
						CreatedOnToolsVersion = 9.0;
						LastSwiftMigration = 0900;
						ProvisioningStyle = Automatic;
					};
					0567636F1EFD757C005118F7 = {
						CreatedOnToolsVersion = 9.0;
						LastSwiftMigration = 0900;
						ProvisioningStyle = Automatic;
					};
				};
			};
			buildConfigurationList = 055EF4611EFBE78100E610CF /* Build configuration list for PBXProject "AtomicKit" */;
			compatibilityVersion = "Xcode 8.0";
			developmentRegion = en;
			hasScannedForEncodings = 0;
			knownRegions = (
				en,
				Base,
			);
			mainGroup = 055EF45D1EFBE78100E610CF;
			productRefGroup = 055EF4681EFBE78100E610CF /* Products */;
			projectDirPath = "";
			projectReferences = (
				{
					ProductGroup = 052EF6161EFD68CB009E9A05 /* Products */;
					ProjectRef = 052EF6151EFD68CB009E9A05 /* STDThreadKit.xcodeproj */;
				},
			);
			projectRoot = "";
			targets = (
				055EF4661EFBE78100E610CF /* AtomicKit */,
				055EF46F1EFBE78100E610CF /* AtomicKitTests */,
				0567636F1EFD757C005118F7 /* Test-Helper */,
			);
		};
/* End PBXProject section */

/* Begin PBXReferenceProxy section */
		052EF61B1EFD68CB009E9A05 /* STDThreadKit.framework */ = {
			isa = PBXReferenceProxy;
			fileType = wrapper.framework;
			path = STDThreadKit.framework;
			remoteRef = 052EF61A1EFD68CB009E9A05 /* PBXContainerItemProxy */;
			sourceTree = BUILT_PRODUCTS_DIR;
		};
		052EF61D1EFD68CB009E9A05 /* STDThreadKitTests.xctest */ = {
			isa = PBXReferenceProxy;
			fileType = wrapper.cfbundle;
			path = STDThreadKitTests.xctest;
			remoteRef = 052EF61C1EFD68CB009E9A05 /* PBXContainerItemProxy */;
			sourceTree = BUILT_PRODUCTS_DIR;
		};
/* End PBXReferenceProxy section */

/* Begin PBXResourcesBuildPhase section */
		055EF4651EFBE78100E610CF /* Resources */ = {
			isa = PBXResourcesBuildPhase;
			buildActionMask = 2147483647;
			files = (
			);
			runOnlyForDeploymentPostprocessing = 0;
		};
		055EF46E1EFBE78100E610CF /* Resources */ = {
			isa = PBXResourcesBuildPhase;
			buildActionMask = 2147483647;
			files = (
			);
			runOnlyForDeploymentPostprocessing = 0;
		};
/* End PBXResourcesBuildPhase section */

/* Begin PBXSourcesBuildPhase section */
		055EF4621EFBE78100E610CF /* Sources */ = {
			isa = PBXSourcesBuildPhase;
			buildActionMask = 2147483647;
			files = (
				055EF4A11EFBE7F800E610CF /* UnfairLock.swift in Sources */,
				055EF49F1EFBE7F800E610CF /* sem_t.m in Sources */,
				055EF4991EFBE7F800E610CF /* Lockable.swift in Sources */,
				0551EAE01EFC1A8B00D137B9 /* ThreadSafeValueWrapper.swift in Sources */,
				0551EAEA1EFC1EED00D137B9 /* DispatchedMutableSet.swift in Sources */,
				055EF49C1EFBE7F800E610CF /* RecursiveMutex.swift in Sources */,
				0554F988227A082000A6D652 /* PossiblyUnfairLock.swift in Sources */,
				0551EACA1EFC14AA00D137B9 /* DispatchedNumber.swift in Sources */,
				0551EAE41EFC1EA600D137B9 /* DispatchedTreeController.swift in Sources */,
				0551EAE61EFC1ECE00D137B9 /* DispatchedMutableArray.swift in Sources */,
				0551EAE21EFC1E6200D137B9 /* DispatchedArrayController.swift in Sources */,
				051607A01F046AF900E732FC /* DispatchedDictionaryController.swift in Sources */,
				0551EAC61EFC13D600D137B9 /* DispatchedBool.swift in Sources */,
				0551EA681EFBFFB000D137B9 /* DispatchedValue.swift in Sources */,
				0551EACC1EFC156D00D137B9 /* DispatchedObject.swift in Sources */,
				055EF49B1EFBE7F800E610CF /* Mutex.swift in Sources */,
				0551EAE81EFC1EDF00D137B9 /* DispatchedMutableDictionary.swift in Sources */,
				0516079C1F042C0900E732FC /* DispatchedValueWrapper.swift in Sources */,
				055EF49D1EFBE7F800E610CF /* RWLock.swift in Sources */,
				055EF49A1EFBE7F800E610CF /* LockingValue.swift in Sources */,
				0551EAC81EFC142800D137B9 /* DispatchedString.swift in Sources */,
				055EF4A01EFBE7F800E610CF /* Semaphore.swift in Sources */,
				055EF4981EFBE7F800E610CF /* Atomic.swift in Sources */,
			);
			runOnlyForDeploymentPostprocessing = 0;
		};
		055EF46C1EFBE78100E610CF /* Sources */ = {
			isa = PBXSourcesBuildPhase;
			buildActionMask = 2147483647;
			files = (
				0516079A1F042B2D00E732FC /* DispatchedValueTestHelper.swift in Sources */,
				0551EAFA1EFC25C300D137B9 /* DispatchedObject.swift in Sources */,
				0551EAF61EFC25C300D137B9 /* DispatchedMutableArray.swift in Sources */,
				055EF4AE1EFBE83E00E610CF /* RecursiveMutex.swift in Sources */,
				0551EAF41EFC25C300D137B9 /* DispatchedArrayController.swift in Sources */,
				055EF4B01EFBE83E00E610CF /* Semaphore.swift in Sources */,
				0551EAF51EFC25C300D137B9 /* DispatchedBool.swift in Sources */,
				0551EAF71EFC25C300D137B9 /* DispatchedMutableDictionary.swift in Sources */,
				053D2A8E1F02E73C00415CE9 /* DispatchedValue.swift in Sources */,
				055EF4AD1EFBE83E00E610CF /* Mutex.swift in Sources */,
				055EF4AC1EFBE83E00E610CF /* LockingValue.swift in Sources */,
				055EF4B11EFBE83E00E610CF /* UnfairLock.swift in Sources */,
				055EF4AA1EFBE83E00E610CF /* Atomic.swift in Sources */,
				0551EAFB1EFC25C300D137B9 /* DispatchedString.swift in Sources */,
				0551EAFC1EFC25C300D137B9 /* DispatchedTreeController.swift in Sources */,
				05C023111F057755006D4851 /* LockingValueTestHelper.swift in Sources */,
				0516079F1F046AF600E732FC /* DispatchedDictionaryController.swift in Sources */,
				0551EAF91EFC25C300D137B9 /* DispatchedNumber.swift in Sources */,
				0551EAF81EFC25C300D137B9 /* DispatchedMutableSet.swift in Sources */,
				055EF4AF1EFBE83E00E610CF /* RWLock.swift in Sources */,
			);
			runOnlyForDeploymentPostprocessing = 0;
		};
		0567636C1EFD757C005118F7 /* Sources */ = {
			isa = PBXSourcesBuildPhase;
			buildActionMask = 2147483647;
			files = (
				056763731EFD757C005118F7 /* main.swift in Sources */,
			);
			runOnlyForDeploymentPostprocessing = 0;
		};
/* End PBXSourcesBuildPhase section */

/* Begin PBXTargetDependency section */
		052EF61F1EFD68D6009E9A05 /* PBXTargetDependency */ = {
			isa = PBXTargetDependency;
			name = STDThreadKit;
			targetProxy = 052EF61E1EFD68D6009E9A05 /* PBXContainerItemProxy */;
		};
		055EF4731EFBE78100E610CF /* PBXTargetDependency */ = {
			isa = PBXTargetDependency;
			target = 055EF4661EFBE78100E610CF /* AtomicKit */;
			targetProxy = 055EF4721EFBE78100E610CF /* PBXContainerItemProxy */;
		};
		056763791EFD7590005118F7 /* PBXTargetDependency */ = {
			isa = PBXTargetDependency;
			target = 0567636F1EFD757C005118F7 /* Test-Helper */;
			targetProxy = 056763781EFD7590005118F7 /* PBXContainerItemProxy */;
		};
		0567637C1EFD77FD005118F7 /* PBXTargetDependency */ = {
			isa = PBXTargetDependency;
			target = 055EF4661EFBE78100E610CF /* AtomicKit */;
			targetProxy = 0567637B1EFD77FD005118F7 /* PBXContainerItemProxy */;
		};
/* End PBXTargetDependency section */

/* Begin XCBuildConfiguration section */
		055EF4791EFBE78100E610CF /* Debug */ = {
			isa = XCBuildConfiguration;
			baseConfigurationReference = 0554F956227A052700A6D652 /* Debug.xcconfig */;
			buildSettings = {
				MACOSX_DEPLOYMENT_TARGET = 10.9;
			};
			name = Debug;
		};
		055EF47A1EFBE78100E610CF /* Release */ = {
			isa = XCBuildConfiguration;
			baseConfigurationReference = 0554F957227A052700A6D652 /* Release.xcconfig */;
			buildSettings = {
				MACOSX_DEPLOYMENT_TARGET = 10.9;
			};
			name = Release;
		};
		055EF47C1EFBE78100E610CF /* Debug */ = {
			isa = XCBuildConfiguration;
			buildSettings = {
				DEFINES_MODULE = YES;
				DYLIB_COMPATIBILITY_VERSION = 1;
				DYLIB_CURRENT_VERSION = 1;
				DYLIB_INSTALL_NAME_BASE = "@rpath";
				FRAMEWORK_VERSION = A;
				INFOPLIST_FILE = AtomicKit/Info.plist;
				LD_RUNPATH_SEARCH_PATHS = "$(inherited) @executable_path/../Frameworks @loader_path/Frameworks";
				PRODUCT_BUNDLE_IDENTIFIER = "com.xs-labs.AtomicKit";
				PRODUCT_NAME = "$(TARGET_NAME:c99extidentifier)";
				SKIP_INSTALL = YES;
			};
			name = Debug;
		};
		055EF47D1EFBE78100E610CF /* Release */ = {
			isa = XCBuildConfiguration;
			buildSettings = {
				DEFINES_MODULE = YES;
				DYLIB_COMPATIBILITY_VERSION = 1;
				DYLIB_CURRENT_VERSION = 1;
				DYLIB_INSTALL_NAME_BASE = "@rpath";
				FRAMEWORK_VERSION = A;
				INFOPLIST_FILE = AtomicKit/Info.plist;
				LD_RUNPATH_SEARCH_PATHS = "$(inherited) @executable_path/../Frameworks @loader_path/Frameworks";
				PRODUCT_BUNDLE_IDENTIFIER = "com.xs-labs.AtomicKit";
				PRODUCT_NAME = "$(TARGET_NAME:c99extidentifier)";
				SKIP_INSTALL = YES;
			};
			name = Release;
		};
		055EF47F1EFBE78100E610CF /* Debug */ = {
			isa = XCBuildConfiguration;
			buildSettings = {
				INFOPLIST_FILE = AtomicKitTests/Info.plist;
				LD_RUNPATH_SEARCH_PATHS = "$(inherited) @executable_path/../Frameworks @loader_path/../Frameworks";
				MACOSX_DEPLOYMENT_TARGET = 10.10;
				PRODUCT_BUNDLE_IDENTIFIER = "com.xs-labs.AtomicKitTests";
				PRODUCT_NAME = "$(TARGET_NAME)";
			};
			name = Debug;
		};
		055EF4801EFBE78100E610CF /* Release */ = {
			isa = XCBuildConfiguration;
			buildSettings = {
				INFOPLIST_FILE = AtomicKitTests/Info.plist;
				LD_RUNPATH_SEARCH_PATHS = "$(inherited) @executable_path/../Frameworks @loader_path/../Frameworks";
				MACOSX_DEPLOYMENT_TARGET = 10.10;
				PRODUCT_BUNDLE_IDENTIFIER = "com.xs-labs.AtomicKitTests";
				PRODUCT_NAME = "$(TARGET_NAME)";
			};
			name = Release;
		};
		056763751EFD757C005118F7 /* Debug */ = {
			isa = XCBuildConfiguration;
			buildSettings = {
				PRODUCT_NAME = "$(TARGET_NAME)";
			};
			name = Debug;
		};
		056763761EFD757C005118F7 /* Release */ = {
			isa = XCBuildConfiguration;
			buildSettings = {
				PRODUCT_NAME = "$(TARGET_NAME)";
			};
			name = Release;
		};
/* End XCBuildConfiguration section */

/* Begin XCConfigurationList section */
		055EF4611EFBE78100E610CF /* Build configuration list for PBXProject "AtomicKit" */ = {
			isa = XCConfigurationList;
			buildConfigurations = (
				055EF4791EFBE78100E610CF /* Debug */,
				055EF47A1EFBE78100E610CF /* Release */,
			);
			defaultConfigurationIsVisible = 0;
			defaultConfigurationName = Release;
		};
		055EF47B1EFBE78100E610CF /* Build configuration list for PBXNativeTarget "AtomicKit" */ = {
			isa = XCConfigurationList;
			buildConfigurations = (
				055EF47C1EFBE78100E610CF /* Debug */,
				055EF47D1EFBE78100E610CF /* Release */,
			);
			defaultConfigurationIsVisible = 0;
			defaultConfigurationName = Release;
		};
		055EF47E1EFBE78100E610CF /* Build configuration list for PBXNativeTarget "AtomicKitTests" */ = {
			isa = XCConfigurationList;
			buildConfigurations = (
				055EF47F1EFBE78100E610CF /* Debug */,
				055EF4801EFBE78100E610CF /* Release */,
			);
			defaultConfigurationIsVisible = 0;
			defaultConfigurationName = Release;
		};
		056763741EFD757C005118F7 /* Build configuration list for PBXNativeTarget "Test-Helper" */ = {
			isa = XCConfigurationList;
			buildConfigurations = (
				056763751EFD757C005118F7 /* Debug */,
				056763761EFD757C005118F7 /* Release */,
			);
			defaultConfigurationIsVisible = 0;
			defaultConfigurationName = Release;
		};
/* End XCConfigurationList section */
	};
	rootObject = 055EF45E1EFBE78100E610CF /* Project object */;
}
